
Microsoft Visual Studio Solution File, Format Version 12.00
# Visual Studio Version 17
VisualStudioVersion = 17.3.32922.545
MinimumVisualStudioVersion = 10.0.40219.1
Project("{FAE04EC0-301F-11D3-BF4B-00C04F79EFBC}") = "FundooNoteApplication", "FundooNoteApplication\FundooNoteApplication.csproj", "{2F6A52B3-CF9E-445B-BE03-3EB6977F57B7}"
EndProject
Project("{FAE04EC0-301F-11D3-BF4B-00C04F79EFBC}") = "RepositoryLayer", "RepositoryLayer\RepositoryLayer.csproj", "{EB61C628-8B12-4FFB-AA1E-E16C44F590DC}"
EndProject
Project("{FAE04EC0-301F-11D3-BF4B-00C04F79EFBC}") = "CommonLayer", "CommonLayer\CommonLayer.csproj", "{7157E0B8-738E-4D24-A0D4-D0B9D79174BD}"
EndProject
Project("{FAE04EC0-301F-11D3-BF4B-00C04F79EFBC}") = "BusinessLayer", "BusinessLayer\BusinessLayer.csproj", "{138E54BC-80B7-4F63-B14A-08FC6E81A735}"
EndProject
Global
	GlobalSection(SolutionConfigurationPlatforms) = preSolution
		Debug|Any CPU = Debug|Any CPU
		Release|Any CPU = Release|Any CPU
	EndGlobalSection
	GlobalSection(ProjectConfigurationPlatforms) = postSolution
		{2F6A52B3-CF9E-445B-BE03-3EB6977F57B7}.Debug|Any CPU.ActiveCfg = Debug|Any CPU
		{2F6A52B3-CF9E-445B-BE03-3EB6977F57B7}.Debug|Any CPU.Build.0 = Debug|Any CPU
		{2F6A52B3-CF9E-445B-BE03-3EB6977F57B7}.Release|Any CPU.ActiveCfg = Release|Any CPU
		{2F6A52B3-CF9E-445B-BE03-3EB6977F57B7}.Release|Any CPU.Build.0 = Release|Any CPU
		{EB61C628-8B12-4FFB-AA1E-E16C44F590DC}.Debug|Any CPU.ActiveCfg = Debug|Any CPU
		{EB61C628-8B12-4FFB-AA1E-E16C44F590DC}.Debug|Any CPU.Build.0 = Debug|Any CPU
		{EB61C628-8B12-4FFB-AA1E-E16C44F590DC}.Release|Any CPU.ActiveCfg = Release|Any CPU
		{EB61C628-8B12-4FFB-AA1E-E16C44F590DC}.Release|Any CPU.Build.0 = Release|Any CPU
		{7157E0B8-738E-4D24-A0D4-D0B9D79174BD}.Debug|Any CPU.ActiveCfg = Debug|Any CPU
		{7157E0B8-738E-4D24-A0D4-D0B9D79174BD}.Debug|Any CPU.Build.0 = Debug|Any CPU
		{7157E0B8-738E-4D24-A0D4-D0B9D79174BD}.Release|Any CPU.ActiveCfg = Release|Any CPU
		{7157E0B8-738E-4D24-A0D4-D0B9D79174BD}.Release|Any CPU.Build.0 = Release|Any CPU
		{138E54BC-80B7-4F63-B14A-08FC6E81A735}.Debug|Any CPU.ActiveCfg = Debug|Any CPU
		{138E54BC-80B7-4F63-B14A-08FC6E81A735}.Debug|Any CPU.Build.0 = Debug|Any CPU
		{138E54BC-80B7-4F63-B14A-08FC6E81A735}.Release|Any CPU.ActiveCfg = Release|Any CPU
		{138E54BC-80B7-4F63-B14A-08FC6E81A735}.Release|Any CPU.Build.0 = Release|Any CPU
	EndGlobalSection
	GlobalSection(SolutionProperties) = preSolution
		HideSolutionNode = FALSE
	EndGlobalSection
	GlobalSection(ExtensibilityGlobals) = postSolution
		SolutionGuid = {ABC9F460-F4E9-4AC7-AAF1-25BF328205C0}
	EndGlobalSection
EndGlobal
